
Microsoft Visual Studio Solution File, Format Version 12.00
# Visual Studio Version 17
VisualStudioVersion = 17.11.35327.3
MinimumVisualStudioVersion = 10.0.40219.1
Project("{FAE04EC0-301F-11D3-BF4B-00C04F79EFBC}") = "LojaManuel.APIPedidos", "LojaManuel.APIPedidos\LojaManuel.APIPedidos.csproj", "{F6077301-7A0A-4102-A13A-C55318F12488}"
EndProject
Global
	GlobalSection(SolutionConfigurationPlatforms) = preSolution
		Debug|Any CPU = Debug|Any CPU
		Release|Any CPU = Release|Any CPU
	EndGlobalSection
	GlobalSection(ProjectConfigurationPlatforms) = postSolution
		{F6077301-7A0A-4102-A13A-C55318F12488}.Debug|Any CPU.ActiveCfg = Debug|Any CPU
		{F6077301-7A0A-4102-A13A-C55318F12488}.Debug|Any CPU.Build.0 = Debug|Any CPU
		{F6077301-7A0A-4102-A13A-C55318F12488}.Release|Any CPU.ActiveCfg = Release|Any CPU
		{F6077301-7A0A-4102-A13A-C55318F12488}.Release|Any CPU.Build.0 = Release|Any CPU
	EndGlobalSection
	GlobalSection(SolutionProperties) = preSolution
		HideSolutionNode = FALSE
	EndGlobalSection
	GlobalSection(ExtensibilityGlobals) = postSolution
		SolutionGuid = {647D6151-658C-47C6-BB87-43283C6DD149}
	EndGlobalSection
EndGlobal
